
Microsoft Visual Studio Solution File, Format Version 12.00
# Visual Studio Version 16
VisualStudioVersion = 16.0.30717.126
MinimumVisualStudioVersion = 10.0.40219.1
Project("{FAE04EC0-301F-11D3-BF4B-00C04F79EFBC}") = "This_Time_It_Will_Work", "This_Time_It_Will_Work\This_Time_It_Will_Work.csproj", "{C9AD30B8-36A7-4169-A9D5-E9CC859D505B}"
EndProject
Global
	GlobalSection(SolutionConfigurationPlatforms) = preSolution
		Debug|Any CPU = Debug|Any CPU
		Release|Any CPU = Release|Any CPU
	EndGlobalSection
	GlobalSection(ProjectConfigurationPlatforms) = postSolution
		{C9AD30B8-36A7-4169-A9D5-E9CC859D505B}.Debug|Any CPU.ActiveCfg = Debug|Any CPU
		{C9AD30B8-36A7-4169-A9D5-E9CC859D505B}.Debug|Any CPU.Build.0 = Debug|Any CPU
		{C9AD30B8-36A7-4169-A9D5-E9CC859D505B}.Release|Any CPU.ActiveCfg = Release|Any CPU
		{C9AD30B8-36A7-4169-A9D5-E9CC859D505B}.Release|Any CPU.Build.0 = Release|Any CPU
	EndGlobalSection
	GlobalSection(SolutionProperties) = preSolution
		HideSolutionNode = FALSE
	EndGlobalSection
	GlobalSection(ExtensibilityGlobals) = postSolution
		SolutionGuid = {18D981D6-B761-4750-9304-A7CE79E09908}
	EndGlobalSection
EndGlobal
